
Microsoft Visual Studio Solution File, Format Version 12.00
# Visual Studio 15
VisualStudioVersion = 15.0.27130.2036
MinimumVisualStudioVersion = 10.0.40219.1
Project("{FAE04EC0-301F-11D3-BF4B-00C04F79EFBC}") = "WebAPISample", "WebAPISample\WebAPISample.csproj", "{5E903F13-6433-4431-A926-53CD0C7BDB93}"
EndProject
Project("{FAE04EC0-301F-11D3-BF4B-00C04F79EFBC}") = "WebAPISampleDAL", "WebAPISampleDAL\WebAPISampleDAL.csproj", "{4464D70A-C2B4-45C0-A9A5-C25CB3577D04}"
EndProject
Project("{FAE04EC0-301F-11D3-BF4B-00C04F79EFBC}") = "SampleWebCORSDemo", "SampleWebCORSDemo\SampleWebCORSDemo.csproj", "{991F68A0-82DF-4F17-BA21-8F2AC0C95C53}"
EndProject
Global
	GlobalSection(SolutionConfigurationPlatforms) = preSolution
		Debug|Any CPU = Debug|Any CPU
		Release|Any CPU = Release|Any CPU
	EndGlobalSection
	GlobalSection(ProjectConfigurationPlatforms) = postSolution
		{5E903F13-6433-4431-A926-53CD0C7BDB93}.Debug|Any CPU.ActiveCfg = Debug|Any CPU
		{5E903F13-6433-4431-A926-53CD0C7BDB93}.Debug|Any CPU.Build.0 = Debug|Any CPU
		{5E903F13-6433-4431-A926-53CD0C7BDB93}.Release|Any CPU.ActiveCfg = Release|Any CPU
		{5E903F13-6433-4431-A926-53CD0C7BDB93}.Release|Any CPU.Build.0 = Release|Any CPU
		{4464D70A-C2B4-45C0-A9A5-C25CB3577D04}.Debug|Any CPU.ActiveCfg = Debug|Any CPU
		{4464D70A-C2B4-45C0-A9A5-C25CB3577D04}.Debug|Any CPU.Build.0 = Debug|Any CPU
		{4464D70A-C2B4-45C0-A9A5-C25CB3577D04}.Release|Any CPU.ActiveCfg = Release|Any CPU
		{4464D70A-C2B4-45C0-A9A5-C25CB3577D04}.Release|Any CPU.Build.0 = Release|Any CPU
		{991F68A0-82DF-4F17-BA21-8F2AC0C95C53}.Debug|Any CPU.ActiveCfg = Debug|Any CPU
		{991F68A0-82DF-4F17-BA21-8F2AC0C95C53}.Debug|Any CPU.Build.0 = Debug|Any CPU
		{991F68A0-82DF-4F17-BA21-8F2AC0C95C53}.Release|Any CPU.ActiveCfg = Release|Any CPU
		{991F68A0-82DF-4F17-BA21-8F2AC0C95C53}.Release|Any CPU.Build.0 = Release|Any CPU
	EndGlobalSection
	GlobalSection(SolutionProperties) = preSolution
		HideSolutionNode = FALSE
	EndGlobalSection
	GlobalSection(ExtensibilityGlobals) = postSolution
		SolutionGuid = {4B5108FD-AE0C-4C73-AD97-B0CFD5651268}
	EndGlobalSection
EndGlobal
