
Microsoft Visual Studio Solution File, Format Version 12.00
# Visual Studio Version 16
VisualStudioVersion = 16.0.30907.101
MinimumVisualStudioVersion = 10.0.40219.1
Project("{FAE04EC0-301F-11D3-BF4B-00C04F79EFBC}") = "AuthenticationHandlerDemo", "AuthenticationHandlerDemo.csproj", "{27BEF6AE-6B30-4352-8F09-763D8E87269F}"
EndProject
Global
	GlobalSection(SolutionConfigurationPlatforms) = preSolution
		Debug|Any CPU = Debug|Any CPU
		Release|Any CPU = Release|Any CPU
	EndGlobalSection
	GlobalSection(ProjectConfigurationPlatforms) = postSolution
		{27BEF6AE-6B30-4352-8F09-763D8E87269F}.Debug|Any CPU.ActiveCfg = Debug|Any CPU
		{27BEF6AE-6B30-4352-8F09-763D8E87269F}.Debug|Any CPU.Build.0 = Debug|Any CPU
		{27BEF6AE-6B30-4352-8F09-763D8E87269F}.Release|Any CPU.ActiveCfg = Release|Any CPU
		{27BEF6AE-6B30-4352-8F09-763D8E87269F}.Release|Any CPU.Build.0 = Release|Any CPU
	EndGlobalSection
	GlobalSection(SolutionProperties) = preSolution
		HideSolutionNode = FALSE
	EndGlobalSection
	GlobalSection(ExtensibilityGlobals) = postSolution
		SolutionGuid = {6C1188AF-5BBF-4F88-AD6D-8F92A7C4E1AA}
	EndGlobalSection
EndGlobal
