
Microsoft Visual Studio Solution File, Format Version 12.00
# Visual Studio 15
VisualStudioVersion = 15.0.27130.2036
MinimumVisualStudioVersion = 10.0.40219.1
Project("{FAE04EC0-301F-11D3-BF4B-00C04F79EFBC}") = "LooslyCoupledThreeLayered", "LooslyCoupledThreeLayered\LooslyCoupledThreeLayered.csproj", "{7AC2BBC9-5DE8-42A5-B95F-49BB478D9606}"
EndProject
Project("{FAE04EC0-301F-11D3-BF4B-00C04F79EFBC}") = "DomainModelLooslyCoupled", "DomainModelLooslyCoupled\DomainModelLooslyCoupled.csproj", "{B2740359-56B3-41D5-B67E-10880C70E175}"
EndProject
Project("{FAE04EC0-301F-11D3-BF4B-00C04F79EFBC}") = "DataAccessLooslyCoupled", "DataAccessLooslyCoupled\DataAccessLooslyCoupled.csproj", "{019E9417-C99C-4407-9646-F6322FD589EF}"
EndProject
Global
	GlobalSection(SolutionConfigurationPlatforms) = preSolution
		Debug|Any CPU = Debug|Any CPU
		Release|Any CPU = Release|Any CPU
	EndGlobalSection
	GlobalSection(ProjectConfigurationPlatforms) = postSolution
		{7AC2BBC9-5DE8-42A5-B95F-49BB478D9606}.Debug|Any CPU.ActiveCfg = Debug|Any CPU
		{7AC2BBC9-5DE8-42A5-B95F-49BB478D9606}.Debug|Any CPU.Build.0 = Debug|Any CPU
		{7AC2BBC9-5DE8-42A5-B95F-49BB478D9606}.Release|Any CPU.ActiveCfg = Release|Any CPU
		{7AC2BBC9-5DE8-42A5-B95F-49BB478D9606}.Release|Any CPU.Build.0 = Release|Any CPU
		{B2740359-56B3-41D5-B67E-10880C70E175}.Debug|Any CPU.ActiveCfg = Debug|Any CPU
		{B2740359-56B3-41D5-B67E-10880C70E175}.Debug|Any CPU.Build.0 = Debug|Any CPU
		{B2740359-56B3-41D5-B67E-10880C70E175}.Release|Any CPU.ActiveCfg = Release|Any CPU
		{B2740359-56B3-41D5-B67E-10880C70E175}.Release|Any CPU.Build.0 = Release|Any CPU
		{019E9417-C99C-4407-9646-F6322FD589EF}.Debug|Any CPU.ActiveCfg = Debug|Any CPU
		{019E9417-C99C-4407-9646-F6322FD589EF}.Debug|Any CPU.Build.0 = Debug|Any CPU
		{019E9417-C99C-4407-9646-F6322FD589EF}.Release|Any CPU.ActiveCfg = Release|Any CPU
		{019E9417-C99C-4407-9646-F6322FD589EF}.Release|Any CPU.Build.0 = Release|Any CPU
	EndGlobalSection
	GlobalSection(SolutionProperties) = preSolution
		HideSolutionNode = FALSE
	EndGlobalSection
	GlobalSection(ExtensibilityGlobals) = postSolution
		SolutionGuid = {B9E8A371-ED1A-4B6A-AE8D-28015CA8FDB1}
	EndGlobalSection
EndGlobal
