
Microsoft Visual Studio Solution File, Format Version 12.00
# Visual Studio 15
VisualStudioVersion = 15.0.27130.2036
MinimumVisualStudioVersion = 10.0.40219.1
Project("{FAE04EC0-301F-11D3-BF4B-00C04F79EFBC}") = "ContactWeb", "ContactWeb\ContactWeb.csproj", "{7A79D204-8981-4DBF-B9D9-2DD04E8062D6}"
EndProject
Global
	GlobalSection(SolutionConfigurationPlatforms) = preSolution
		Debug|Any CPU = Debug|Any CPU
		Release|Any CPU = Release|Any CPU
	EndGlobalSection
	GlobalSection(ProjectConfigurationPlatforms) = postSolution
		{7A79D204-8981-4DBF-B9D9-2DD04E8062D6}.Debug|Any CPU.ActiveCfg = Debug|Any CPU
		{7A79D204-8981-4DBF-B9D9-2DD04E8062D6}.Debug|Any CPU.Build.0 = Debug|Any CPU
		{7A79D204-8981-4DBF-B9D9-2DD04E8062D6}.Release|Any CPU.ActiveCfg = Release|Any CPU
		{7A79D204-8981-4DBF-B9D9-2DD04E8062D6}.Release|Any CPU.Build.0 = Release|Any CPU
	EndGlobalSection
	GlobalSection(SolutionProperties) = preSolution
		HideSolutionNode = FALSE
	EndGlobalSection
	GlobalSection(ExtensibilityGlobals) = postSolution
		SolutionGuid = {DE44D432-E826-4423-BA28-70021C216F2E}
	EndGlobalSection
EndGlobal
