
Microsoft Visual Studio Solution File, Format Version 12.00
# Visual Studio 15
VisualStudioVersion = 15.0.27130.2003
MinimumVisualStudioVersion = 10.0.40219.1
Project("{FAE04EC0-301F-11D3-BF4B-00C04F79EFBC}") = "ChapterFourHandsOn", "ChapterFourHandsOn\ChapterFourHandsOn.csproj", "{4A1A6F73-387D-444F-9850-B02F086CCEBE}"
EndProject
Global
	GlobalSection(SolutionConfigurationPlatforms) = preSolution
		Debug|Any CPU = Debug|Any CPU
		Release|Any CPU = Release|Any CPU
	EndGlobalSection
	GlobalSection(ProjectConfigurationPlatforms) = postSolution
		{4A1A6F73-387D-444F-9850-B02F086CCEBE}.Debug|Any CPU.ActiveCfg = Debug|Any CPU
		{4A1A6F73-387D-444F-9850-B02F086CCEBE}.Debug|Any CPU.Build.0 = Debug|Any CPU
		{4A1A6F73-387D-444F-9850-B02F086CCEBE}.Release|Any CPU.ActiveCfg = Release|Any CPU
		{4A1A6F73-387D-444F-9850-B02F086CCEBE}.Release|Any CPU.Build.0 = Release|Any CPU
	EndGlobalSection
	GlobalSection(SolutionProperties) = preSolution
		HideSolutionNode = FALSE
	EndGlobalSection
	GlobalSection(ExtensibilityGlobals) = postSolution
		SolutionGuid = {2A9EB86F-3C23-4B57-BD24-A94C25E18D84}
	EndGlobalSection
EndGlobal
